{
  "name": "@alexxnica/log",
  "version": "0.0.1",
  "lockfileVersion": 1,
  "requires": true,
  "dependencies": {
    "@types/node": {
      "version": "8.0.50",
      "resolved": "https://registry.npmjs.org/@types/node/-/node-8.0.50.tgz",
      "integrity": "sha512-N9OVsMBspboNvYaLAQnLEhb2eQ96lavogMR5LoH5k8nb1PvBZHSBFhzhsq2LNzGTBBOtBviOc1GiSu+wlM/pGw==",
      "dev": true
    },
    "typescript": {
      "version": "2.7.0-dev.20171109",
      "resolved": "https://registry.npmjs.org/typescript/-/typescript-2.7.0-dev.20171109.tgz",
      "integrity": "sha512-FC8/zn3R1HLPSiZkJsVB450L8X8Eg0PoHVqz6emXb5z3f8uyM8SxxU6iL2x89DoeQyg/xaguWvuLbJnE1hB9Cg==",
      "dev": true
    }
  }
}
